
Microsoft Visual Studio Solution File, Format Version 12.00
# Visual Studio 15
VisualStudioVersion = 15.0.28010.2046
MinimumVisualStudioVersion = 10.0.40219.1
Project("{FAE04EC0-301F-11D3-BF4B-00C04F79EFBC}") = "PayrollSystem", "PayrollSystem\PayrollSystem.csproj", "{A8DCC829-4670-427A-84C5-8E001A6F103A}"
EndProject
Global
	GlobalSection(SolutionConfigurationPlatforms) = preSolution
		Debug|Any CPU = Debug|Any CPU
		Release|Any CPU = Release|Any CPU
	EndGlobalSection
	GlobalSection(ProjectConfigurationPlatforms) = postSolution
		{A8DCC829-4670-427A-84C5-8E001A6F103A}.Debug|Any CPU.ActiveCfg = Debug|Any CPU
		{A8DCC829-4670-427A-84C5-8E001A6F103A}.Debug|Any CPU.Build.0 = Debug|Any CPU
		{A8DCC829-4670-427A-84C5-8E001A6F103A}.Release|Any CPU.ActiveCfg = Release|Any CPU
		{A8DCC829-4670-427A-84C5-8E001A6F103A}.Release|Any CPU.Build.0 = Release|Any CPU
	EndGlobalSection
	GlobalSection(SolutionProperties) = preSolution
		HideSolutionNode = FALSE
	EndGlobalSection
	GlobalSection(ExtensibilityGlobals) = postSolution
		SolutionGuid = {F6B691A4-8388-4BC0-8BFD-57EA0679C2AD}
	EndGlobalSection
EndGlobal
